
Microsoft Visual Studio Solution File, Format Version 12.00
# Visual Studio Version 17
VisualStudioVersion = 17.1.32421.90
MinimumVisualStudioVersion = 10.0.40219.1
Project("{FAE04EC0-301F-11D3-BF4B-00C04F79EFBC}") = "LEARNING_REF_OUT_CSHARP", "LEARNING_REF_OUT_CSHARP\LEARNING_REF_OUT_CSHARP.csproj", "{338FF7E3-46AF-459C-8431-C1F52C591891}"
EndProject
Global
	GlobalSection(SolutionConfigurationPlatforms) = preSolution
		Debug|Any CPU = Debug|Any CPU
		Release|Any CPU = Release|Any CPU
	EndGlobalSection
	GlobalSection(ProjectConfigurationPlatforms) = postSolution
		{338FF7E3-46AF-459C-8431-C1F52C591891}.Debug|Any CPU.ActiveCfg = Debug|Any CPU
		{338FF7E3-46AF-459C-8431-C1F52C591891}.Debug|Any CPU.Build.0 = Debug|Any CPU
		{338FF7E3-46AF-459C-8431-C1F52C591891}.Release|Any CPU.ActiveCfg = Release|Any CPU
		{338FF7E3-46AF-459C-8431-C1F52C591891}.Release|Any CPU.Build.0 = Release|Any CPU
	EndGlobalSection
	GlobalSection(SolutionProperties) = preSolution
		HideSolutionNode = FALSE
	EndGlobalSection
	GlobalSection(ExtensibilityGlobals) = postSolution
		SolutionGuid = {F3E592F6-0E7C-4314-896F-CCE74DD77F3C}
	EndGlobalSection
EndGlobal
